<?xml version="1.0" encoding="UTF-8"?>
<!DOCTYPE plist PUBLIC "-//Apple//DTD PLIST 1.0//EN" "http://www.apple.com/DTDs/PropertyList-1.0.dtd">
<plist version="1.0">
<dict>
	<key>archiveVersion</key>
	<string>1</string>
	<key>classes</key>
	<dict/>
	<key>objectVersion</key>
	<string>46</string>
	<key>objects</key>
	<dict>
		<key>08F29E4BFF5040F192DCF6AA</key>
		<dict>
			<key>includeInIndex</key>
			<string>1</string>
			<key>isa</key>
			<string>PBXFileReference</string>
			<key>lastKnownFileType</key>
			<string>text.xcconfig</string>
			<key>name</key>
			<string>Pods.xcconfig</string>
			<key>path</key>
			<string>Pods/Pods.xcconfig</string>
			<key>sourceTree</key>
			<string>&lt;group&gt;</string>
		</dict>
		<key>2468EBEE197F6173003876C0</key>
		<dict>
			<key>children</key>
			<array>
				<string>2468EC00197F6173003876C0</string>
				<string>2468EC1F197F6173003876C0</string>
				<string>2468EBF9197F6173003876C0</string>
				<string>2468EBF8197F6173003876C0</string>
				<string>08F29E4BFF5040F192DCF6AA</string>
			</array>
			<key>isa</key>
			<string>PBXGroup</string>
			<key>sourceTree</key>
			<string>&lt;group&gt;</string>
		</dict>
		<key>2468EBEF197F6173003876C0</key>
		<dict>
			<key>attributes</key>
			<dict>
				<key>LastUpgradeCheck</key>
				<string>0510</string>
				<key>ORGANIZATIONNAME</key>
				<string>TongjiUniversity</string>
				<key>TargetAttributes</key>
				<dict>
					<key>2468EC17197F6173003876C0</key>
					<dict>
						<key>TestTargetID</key>
						<string>2468EBF6197F6173003876C0</string>
					</dict>
				</dict>
			</dict>
			<key>buildConfigurationList</key>
			<string>2468EBF2197F6173003876C0</string>
			<key>compatibilityVersion</key>
			<string>Xcode 3.2</string>
			<key>developmentRegion</key>
			<string>English</string>
			<key>hasScannedForEncodings</key>
			<string>0</string>
			<key>isa</key>
			<string>PBXProject</string>
			<key>knownRegions</key>
			<array>
				<string>en</string>
				<string>Base</string>
			</array>
			<key>mainGroup</key>
			<string>2468EBEE197F6173003876C0</string>
			<key>productRefGroup</key>
			<string>2468EBF8197F6173003876C0</string>
			<key>projectDirPath</key>
			<string></string>
			<key>projectReferences</key>
			<array/>
			<key>projectRoot</key>
			<string></string>
			<key>targets</key>
			<array>
				<string>2468EBF6197F6173003876C0</string>
				<string>2468EC17197F6173003876C0</string>
			</array>
		</dict>
		<key>2468EBF2197F6173003876C0</key>
		<dict>
			<key>buildConfigurations</key>
			<array>
				<string>2468EC27197F6173003876C0</string>
				<string>2468EC28197F6173003876C0</string>
			</array>
			<key>defaultConfigurationIsVisible</key>
			<string>0</string>
			<key>defaultConfigurationName</key>
			<string>Release</string>
			<key>isa</key>
			<string>XCConfigurationList</string>
		</dict>
		<key>2468EBF3197F6173003876C0</key>
		<dict>
			<key>buildActionMask</key>
			<string>2147483647</string>
			<key>files</key>
			<array>
				<string>2468EC7C197F6FC5003876C0</string>
				<string>2468EC83197F6FC5003876C0</string>
				<string>2468EC7D197F6FC5003876C0</string>
				<string>2468ECD1197F713B003876C0</string>
				<string>2468EC0B197F6173003876C0</string>
				<string>2468EC97197F703C003876C0</string>
				<string>2468EC86197F6FC5003876C0</string>
				<string>2468EC89197F6FC5003876C0</string>
				<string>2468EC96197F703C003876C0</string>
				<string>2468EC84197F6FC5003876C0</string>
				<string>2468EC07197F6173003876C0</string>
				<string>2468EC88197F6FC5003876C0</string>
				<string>2468EC95197F703C003876C0</string>
				<string>2468EC85197F6FC5003876C0</string>
				<string>2468EC87197F6FC5003876C0</string>
			</array>
			<key>isa</key>
			<string>PBXSourcesBuildPhase</string>
			<key>runOnlyForDeploymentPostprocessing</key>
			<string>0</string>
		</dict>
		<key>2468EBF4197F6173003876C0</key>
		<dict>
			<key>buildActionMask</key>
			<string>2147483647</string>
			<key>files</key>
			<array>
				<string>2468EBFD197F6173003876C0</string>
				<string>2468EBFF197F6173003876C0</string>
				<string>2468EBFB197F6173003876C0</string>
				<string>6DEBAE0F5EFF44358E98168E</string>
			</array>
			<key>isa</key>
			<string>PBXFrameworksBuildPhase</string>
			<key>runOnlyForDeploymentPostprocessing</key>
			<string>0</string>
		</dict>
		<key>2468EBF5197F6173003876C0</key>
		<dict>
			<key>buildActionMask</key>
			<string>2147483647</string>
			<key>files</key>
			<array>
				<string>2468ECBA197F7051003876C0</string>
				<string>2468ECC8197F7051003876C0</string>
				<string>2468ECCB197F7051003876C0</string>
				<string>2468EC7F197F6FC5003876C0</string>
				<string>2468EC81197F6FC5003876C0</string>
				<string>2468ECCC197F7051003876C0</string>
				<string>2468EC13197F6173003876C0</string>
				<string>2468ECCE197F7051003876C0</string>
				<string>2468ECC4197F7051003876C0</string>
				<string>2468EC05197F6173003876C0</string>
				<string>2468ECC5197F7051003876C0</string>
				<string>2468ECB6197F7051003876C0</string>
				<string>2468ECC0197F7051003876C0</string>
				<string>2468ECC9197F7051003876C0</string>
				<string>2468EC82197F6FC5003876C0</string>
				<string>2468EC98197F703C003876C0</string>
				<string>2468ECB4197F7051003876C0</string>
				<string>2468ECB9197F7051003876C0</string>
				<string>2468ECCA197F7051003876C0</string>
				<string>2468EC7E197F6FC5003876C0</string>
				<string>2468ECBF197F7051003876C0</string>
				<string>2468ECBD197F7051003876C0</string>
				<string>2468EC0E197F6173003876C0</string>
				<string>2468ECBB197F7051003876C0</string>
				<string>2468ECC2197F7051003876C0</string>
				<string>2468ECC1197F7051003876C0</string>
				<string>2468ECC3197F7051003876C0</string>
				<string>2468ECB7197F7051003876C0</string>
				<string>2468ECB5197F7051003876C0</string>
				<string>2468ECC7197F7051003876C0</string>
				<string>2468ECBE197F7051003876C0</string>
				<string>2468ECB8197F7051003876C0</string>
				<string>2468ECBC197F7051003876C0</string>
				<string>2468EC80197F6FC5003876C0</string>
				<string>2468ECCD197F7051003876C0</string>
				<string>2468ECC6197F7051003876C0</string>
			</array>
			<key>isa</key>
			<string>PBXResourcesBuildPhase</string>
			<key>runOnlyForDeploymentPostprocessing</key>
			<string>0</string>
		</dict>
		<key>2468EBF6197F6173003876C0</key>
		<dict>
			<key>buildConfigurationList</key>
			<string>2468EC29197F6173003876C0</string>
			<key>buildPhases</key>
			<array>
				<string>EA49F047C6E649C4A281779B</string>
				<string>2468EBF3197F6173003876C0</string>
				<string>2468EBF4197F6173003876C0</string>
				<string>2468EBF5197F6173003876C0</string>
				<string>2AF1AE3383674DF2889BC858</string>
			</array>
			<key>buildRules</key>
			<array/>
			<key>dependencies</key>
			<array/>
			<key>isa</key>
			<string>PBXNativeTarget</string>
			<key>name</key>
			<string>BrainHD</string>
			<key>productName</key>
			<string>BrainHD</string>
			<key>productReference</key>
			<string>2468EBF7197F6173003876C0</string>
			<key>productType</key>
			<string>com.apple.product-type.application</string>
		</dict>
		<key>2468EBF7197F6173003876C0</key>
		<dict>
			<key>explicitFileType</key>
			<string>wrapper.application</string>
			<key>includeInIndex</key>
			<string>0</string>
			<key>isa</key>
			<string>PBXFileReference</string>
			<key>path</key>
			<string>BrainHD.app</string>
			<key>sourceTree</key>
			<string>BUILT_PRODUCTS_DIR</string>
		</dict>
		<key>2468EBF8197F6173003876C0</key>
		<dict>
			<key>children</key>
			<array>
				<string>2468EBF7197F6173003876C0</string>
				<string>2468EC18197F6173003876C0</string>
			</array>
			<key>isa</key>
			<string>PBXGroup</string>
			<key>name</key>
			<string>Products</string>
			<key>sourceTree</key>
			<string>&lt;group&gt;</string>
		</dict>
		<key>2468EBF9197F6173003876C0</key>
		<dict>
			<key>children</key>
			<array>
				<string>2468EBFA197F6173003876C0</string>
				<string>2468EBFC197F6173003876C0</string>
				<string>2468EBFE197F6173003876C0</string>
				<string>2468EC19197F6173003876C0</string>
				<string>52261714BD8F49DAAF78F334</string>
			</array>
			<key>isa</key>
			<string>PBXGroup</string>
			<key>name</key>
			<string>Frameworks</string>
			<key>sourceTree</key>
			<string>&lt;group&gt;</string>
		</dict>
		<key>2468EBFA197F6173003876C0</key>
		<dict>
			<key>isa</key>
			<string>PBXFileReference</string>
			<key>lastKnownFileType</key>
			<string>wrapper.framework</string>
			<key>name</key>
			<string>Foundation.framework</string>
			<key>path</key>
			<string>System/Library/Frameworks/Foundation.framework</string>
			<key>sourceTree</key>
			<string>SDKROOT</string>
		</dict>
		<key>2468EBFB197F6173003876C0</key>
		<dict>
			<key>fileRef</key>
			<string>2468EBFA197F6173003876C0</string>
			<key>isa</key>
			<string>PBXBuildFile</string>
		</dict>
		<key>2468EBFC197F6173003876C0</key>
		<dict>
			<key>isa</key>
			<string>PBXFileReference</string>
			<key>lastKnownFileType</key>
			<string>wrapper.framework</string>
			<key>name</key>
			<string>CoreGraphics.framework</string>
			<key>path</key>
			<string>System/Library/Frameworks/CoreGraphics.framework</string>
			<key>sourceTree</key>
			<string>SDKROOT</string>
		</dict>
		<key>2468EBFD197F6173003876C0</key>
		<dict>
			<key>fileRef</key>
			<string>2468EBFC197F6173003876C0</string>
			<key>isa</key>
			<string>PBXBuildFile</string>
		</dict>
		<key>2468EBFE197F6173003876C0</key>
		<dict>
			<key>isa</key>
			<string>PBXFileReference</string>
			<key>lastKnownFileType</key>
			<string>wrapper.framework</string>
			<key>name</key>
			<string>UIKit.framework</string>
			<key>path</key>
			<string>System/Library/Frameworks/UIKit.framework</string>
			<key>sourceTree</key>
			<string>SDKROOT</string>
		</dict>
		<key>2468EBFF197F6173003876C0</key>
		<dict>
			<key>fileRef</key>
			<string>2468EBFE197F6173003876C0</string>
			<key>isa</key>
			<string>PBXBuildFile</string>
		</dict>
		<key>2468EC00197F6173003876C0</key>
		<dict>
			<key>children</key>
			<array>
				<string>2468EC8E197F702F003876C0</string>
				<string>2468EC8D197F7014003876C0</string>
				<string>2468EC8C197F7005003876C0</string>
				<string>2468EC8A197F6FD0003876C0</string>
				<string>2468EC8B197F6FE4003876C0</string>
				<string>2468EC09197F6173003876C0</string>
				<string>2468EC0A197F6173003876C0</string>
				<string>2468EC0C197F6173003876C0</string>
				<string>2468ECCF197F713B003876C0</string>
				<string>2468ECD0197F713B003876C0</string>
				<string>2468EC12197F6173003876C0</string>
				<string>2468EC01197F6173003876C0</string>
			</array>
			<key>isa</key>
			<string>PBXGroup</string>
			<key>path</key>
			<string>BrainHD</string>
			<key>sourceTree</key>
			<string>&lt;group&gt;</string>
		</dict>
		<key>2468EC01197F6173003876C0</key>
		<dict>
			<key>children</key>
			<array>
				<string>2468EC02197F6173003876C0</string>
				<string>2468EC03197F6173003876C0</string>
				<string>2468EC06197F6173003876C0</string>
				<string>2468EC08197F6173003876C0</string>
			</array>
			<key>isa</key>
			<string>PBXGroup</string>
			<key>name</key>
			<string>Supporting Files</string>
			<key>sourceTree</key>
			<string>&lt;group&gt;</string>
		</dict>
		<key>2468EC02197F6173003876C0</key>
		<dict>
			<key>isa</key>
			<string>PBXFileReference</string>
			<key>lastKnownFileType</key>
			<string>text.plist.xml</string>
			<key>path</key>
			<string>BrainHD-Info.plist</string>
			<key>sourceTree</key>
			<string>&lt;group&gt;</string>
		</dict>
		<key>2468EC03197F6173003876C0</key>
		<dict>
			<key>children</key>
			<array>
				<string>2468EC04197F6173003876C0</string>
			</array>
			<key>isa</key>
			<string>PBXVariantGroup</string>
			<key>name</key>
			<string>InfoPlist.strings</string>
			<key>sourceTree</key>
			<string>&lt;group&gt;</string>
		</dict>
		<key>2468EC04197F6173003876C0</key>
		<dict>
			<key>isa</key>
			<string>PBXFileReference</string>
			<key>lastKnownFileType</key>
			<string>text.plist.strings</string>
			<key>name</key>
			<string>en</string>
			<key>path</key>
			<string>en.lproj/InfoPlist.strings</string>
			<key>sourceTree</key>
			<string>&lt;group&gt;</string>
		</dict>
		<key>2468EC05197F6173003876C0</key>
		<dict>
			<key>fileRef</key>
			<string>2468EC03197F6173003876C0</string>
			<key>isa</key>
			<string>PBXBuildFile</string>
		</dict>
		<key>2468EC06197F6173003876C0</key>
		<dict>
			<key>isa</key>
			<string>PBXFileReference</string>
			<key>lastKnownFileType</key>
			<string>sourcecode.c.objc</string>
			<key>path</key>
			<string>main.m</string>
			<key>sourceTree</key>
			<string>&lt;group&gt;</string>
		</dict>
		<key>2468EC07197F6173003876C0</key>
		<dict>
			<key>fileRef</key>
			<string>2468EC06197F6173003876C0</string>
			<key>isa</key>
			<string>PBXBuildFile</string>
		</dict>
		<key>2468EC08197F6173003876C0</key>
		<dict>
			<key>isa</key>
			<string>PBXFileReference</string>
			<key>lastKnownFileType</key>
			<string>sourcecode.c.h</string>
			<key>path</key>
			<string>BrainHD-Prefix.pch</string>
			<key>sourceTree</key>
			<string>&lt;group&gt;</string>
		</dict>
		<key>2468EC09197F6173003876C0</key>
		<dict>
			<key>isa</key>
			<string>PBXFileReference</string>
			<key>lastKnownFileType</key>
			<string>sourcecode.c.h</string>
			<key>path</key>
			<string>AppDelegate.h</string>
			<key>sourceTree</key>
			<string>&lt;group&gt;</string>
		</dict>
		<key>2468EC0A197F6173003876C0</key>
		<dict>
			<key>isa</key>
			<string>PBXFileReference</string>
			<key>lastKnownFileType</key>
			<string>sourcecode.c.objc</string>
			<key>path</key>
			<string>AppDelegate.m</string>
			<key>sourceTree</key>
			<string>&lt;group&gt;</string>
		</dict>
		<key>2468EC0B197F6173003876C0</key>
		<dict>
			<key>fileRef</key>
			<string>2468EC0A197F6173003876C0</string>
			<key>isa</key>
			<string>PBXBuildFile</string>
		</dict>
		<key>2468EC0C197F6173003876C0</key>
		<dict>
			<key>children</key>
			<array>
				<string>2468EC0D197F6173003876C0</string>
			</array>
			<key>isa</key>
			<string>PBXVariantGroup</string>
			<key>name</key>
			<string>Main.storyboard</string>
			<key>sourceTree</key>
			<string>&lt;group&gt;</string>
		</dict>
		<key>2468EC0D197F6173003876C0</key>
		<dict>
			<key>isa</key>
			<string>PBXFileReference</string>
			<key>lastKnownFileType</key>
			<string>file.storyboard</string>
			<key>name</key>
			<string>Base</string>
			<key>path</key>
			<string>Base.lproj/Main.storyboard</string>
			<key>sourceTree</key>
			<string>&lt;group&gt;</string>
		</dict>
		<key>2468EC0E197F6173003876C0</key>
		<dict>
			<key>fileRef</key>
			<string>2468EC0C197F6173003876C0</string>
			<key>isa</key>
			<string>PBXBuildFile</string>
		</dict>
		<key>2468EC12197F6173003876C0</key>
		<dict>
			<key>isa</key>
			<string>PBXFileReference</string>
			<key>lastKnownFileType</key>
			<string>folder.assetcatalog</string>
			<key>path</key>
			<string>Images.xcassets</string>
			<key>sourceTree</key>
			<string>&lt;group&gt;</string>
		</dict>
		<key>2468EC13197F6173003876C0</key>
		<dict>
			<key>fileRef</key>
			<string>2468EC12197F6173003876C0</string>
			<key>isa</key>
			<string>PBXBuildFile</string>
		</dict>
		<key>2468EC14197F6173003876C0</key>
		<dict>
			<key>buildActionMask</key>
			<string>2147483647</string>
			<key>files</key>
			<array>
				<string>2468EC26197F6173003876C0</string>
			</array>
			<key>isa</key>
			<string>PBXSourcesBuildPhase</string>
			<key>runOnlyForDeploymentPostprocessing</key>
			<string>0</string>
		</dict>
		<key>2468EC15197F6173003876C0</key>
		<dict>
			<key>buildActionMask</key>
			<string>2147483647</string>
			<key>files</key>
			<array>
				<string>2468EC1A197F6173003876C0</string>
				<string>2468EC1C197F6173003876C0</string>
				<string>2468EC1B197F6173003876C0</string>
			</array>
			<key>isa</key>
			<string>PBXFrameworksBuildPhase</string>
			<key>runOnlyForDeploymentPostprocessing</key>
			<string>0</string>
		</dict>
		<key>2468EC16197F6173003876C0</key>
		<dict>
			<key>buildActionMask</key>
			<string>2147483647</string>
			<key>files</key>
			<array>
				<string>2468EC24197F6173003876C0</string>
			</array>
			<key>isa</key>
			<string>PBXResourcesBuildPhase</string>
			<key>runOnlyForDeploymentPostprocessing</key>
			<string>0</string>
		</dict>
		<key>2468EC17197F6173003876C0</key>
		<dict>
			<key>buildConfigurationList</key>
			<string>2468EC2C197F6173003876C0</string>
			<key>buildPhases</key>
			<array>
				<string>2468EC14197F6173003876C0</string>
				<string>2468EC15197F6173003876C0</string>
				<string>2468EC16197F6173003876C0</string>
			</array>
			<key>buildRules</key>
			<array/>
			<key>dependencies</key>
			<array>
				<string>2468EC1E197F6173003876C0</string>
			</array>
			<key>isa</key>
			<string>PBXNativeTarget</string>
			<key>name</key>
			<string>BrainHDTests</string>
			<key>productName</key>
			<string>BrainHDTests</string>
			<key>productReference</key>
			<string>2468EC18197F6173003876C0</string>
			<key>productType</key>
			<string>com.apple.product-type.bundle.unit-test</string>
		</dict>
		<key>2468EC18197F6173003876C0</key>
		<dict>
			<key>explicitFileType</key>
			<string>wrapper.cfbundle</string>
			<key>includeInIndex</key>
			<string>0</string>
			<key>isa</key>
			<string>PBXFileReference</string>
			<key>path</key>
			<string>BrainHDTests.xctest</string>
			<key>sourceTree</key>
			<string>BUILT_PRODUCTS_DIR</string>
		</dict>
		<key>2468EC19197F6173003876C0</key>
		<dict>
			<key>isa</key>
			<string>PBXFileReference</string>
			<key>lastKnownFileType</key>
			<string>wrapper.framework</string>
			<key>name</key>
			<string>XCTest.framework</string>
			<key>path</key>
			<string>Library/Frameworks/XCTest.framework</string>
			<key>sourceTree</key>
			<string>DEVELOPER_DIR</string>
		</dict>
		<key>2468EC1A197F6173003876C0</key>
		<dict>
			<key>fileRef</key>
			<string>2468EC19197F6173003876C0</string>
			<key>isa</key>
			<string>PBXBuildFile</string>
		</dict>
		<key>2468EC1B197F6173003876C0</key>
		<dict>
			<key>fileRef</key>
			<string>2468EBFA197F6173003876C0</string>
			<key>isa</key>
			<string>PBXBuildFile</string>
		</dict>
		<key>2468EC1C197F6173003876C0</key>
		<dict>
			<key>fileRef</key>
			<string>2468EBFE197F6173003876C0</string>
			<key>isa</key>
			<string>PBXBuildFile</string>
		</dict>
		<key>2468EC1D197F6173003876C0</key>
		<dict>
			<key>containerPortal</key>
			<string>2468EBEF197F6173003876C0</string>
			<key>isa</key>
			<string>PBXContainerItemProxy</string>
			<key>proxyType</key>
			<string>1</string>
			<key>remoteGlobalIDString</key>
			<string>2468EBF6197F6173003876C0</string>
			<key>remoteInfo</key>
			<string>BrainHD</string>
		</dict>
		<key>2468EC1E197F6173003876C0</key>
		<dict>
			<key>isa</key>
			<string>PBXTargetDependency</string>
			<key>target</key>
			<string>2468EBF6197F6173003876C0</string>
			<key>targetProxy</key>
			<string>2468EC1D197F6173003876C0</string>
		</dict>
		<key>2468EC1F197F6173003876C0</key>
		<dict>
			<key>children</key>
			<array>
				<string>2468EC25197F6173003876C0</string>
				<string>2468EC20197F6173003876C0</string>
			</array>
			<key>isa</key>
			<string>PBXGroup</string>
			<key>path</key>
			<string>BrainHDTests</string>
			<key>sourceTree</key>
			<string>&lt;group&gt;</string>
		</dict>
		<key>2468EC20197F6173003876C0</key>
		<dict>
			<key>children</key>
			<array>
				<string>2468EC21197F6173003876C0</string>
				<string>2468EC22197F6173003876C0</string>
			</array>
			<key>isa</key>
			<string>PBXGroup</string>
			<key>name</key>
			<string>Supporting Files</string>
			<key>sourceTree</key>
			<string>&lt;group&gt;</string>
		</dict>
		<key>2468EC21197F6173003876C0</key>
		<dict>
			<key>isa</key>
			<string>PBXFileReference</string>
			<key>lastKnownFileType</key>
			<string>text.plist.xml</string>
			<key>path</key>
			<string>BrainHDTests-Info.plist</string>
			<key>sourceTree</key>
			<string>&lt;group&gt;</string>
		</dict>
		<key>2468EC22197F6173003876C0</key>
		<dict>
			<key>children</key>
			<array>
				<string>2468EC23197F6173003876C0</string>
			</array>
			<key>isa</key>
			<string>PBXVariantGroup</string>
			<key>name</key>
			<string>InfoPlist.strings</string>
			<key>sourceTree</key>
			<string>&lt;group&gt;</string>
		</dict>
		<key>2468EC23197F6173003876C0</key>
		<dict>
			<key>isa</key>
			<string>PBXFileReference</string>
			<key>lastKnownFileType</key>
			<string>text.plist.strings</string>
			<key>name</key>
			<string>en</string>
			<key>path</key>
			<string>en.lproj/InfoPlist.strings</string>
			<key>sourceTree</key>
			<string>&lt;group&gt;</string>
		</dict>
		<key>2468EC24197F6173003876C0</key>
		<dict>
			<key>fileRef</key>
			<string>2468EC22197F6173003876C0</string>
			<key>isa</key>
			<string>PBXBuildFile</string>
		</dict>
		<key>2468EC25197F6173003876C0</key>
		<dict>
			<key>isa</key>
			<string>PBXFileReference</string>
			<key>lastKnownFileType</key>
			<string>sourcecode.c.objc</string>
			<key>path</key>
			<string>BrainHDTests.m</string>
			<key>sourceTree</key>
			<string>&lt;group&gt;</string>
		</dict>
		<key>2468EC26197F6173003876C0</key>
		<dict>
			<key>fileRef</key>
			<string>2468EC25197F6173003876C0</string>
			<key>isa</key>
			<string>PBXBuildFile</string>
		</dict>
		<key>2468EC27197F6173003876C0</key>
		<dict>
			<key>buildSettings</key>
			<dict>
				<key>ALWAYS_SEARCH_USER_PATHS</key>
				<string>NO</string>
				<key>CLANG_CXX_LANGUAGE_STANDARD</key>
				<string>gnu++0x</string>
				<key>CLANG_CXX_LIBRARY</key>
				<string>libc++</string>
				<key>CLANG_ENABLE_MODULES</key>
				<string>YES</string>
				<key>CLANG_ENABLE_OBJC_ARC</key>
				<string>YES</string>
				<key>CLANG_WARN_BOOL_CONVERSION</key>
				<string>YES</string>
				<key>CLANG_WARN_CONSTANT_CONVERSION</key>
				<string>YES</string>
				<key>CLANG_WARN_DIRECT_OBJC_ISA_USAGE</key>
				<string>YES_ERROR</string>
				<key>CLANG_WARN_EMPTY_BODY</key>
				<string>YES</string>
				<key>CLANG_WARN_ENUM_CONVERSION</key>
				<string>YES</string>
				<key>CLANG_WARN_INT_CONVERSION</key>
				<string>YES</string>
				<key>CLANG_WARN_OBJC_ROOT_CLASS</key>
				<string>YES_ERROR</string>
				<key>CLANG_WARN__DUPLICATE_METHOD_MATCH</key>
				<string>YES</string>
				<key>CODE_SIGN_IDENTITY[sdk=iphoneos*]</key>
				<string>iPhone Developer</string>
				<key>COPY_PHASE_STRIP</key>
				<string>NO</string>
				<key>GCC_C_LANGUAGE_STANDARD</key>
				<string>gnu99</string>
				<key>GCC_DYNAMIC_NO_PIC</key>
				<string>NO</string>
				<key>GCC_OPTIMIZATION_LEVEL</key>
				<string>0</string>
				<key>GCC_PREPROCESSOR_DEFINITIONS</key>
				<array>
					<string>DEBUG=1</string>
					<string>$(inherited)</string>
				</array>
				<key>GCC_SYMBOLS_PRIVATE_EXTERN</key>
				<string>NO</string>
				<key>GCC_WARN_64_TO_32_BIT_CONVERSION</key>
				<string>YES</string>
				<key>GCC_WARN_ABOUT_RETURN_TYPE</key>
				<string>YES_ERROR</string>
				<key>GCC_WARN_UNDECLARED_SELECTOR</key>
				<string>YES</string>
				<key>GCC_WARN_UNINITIALIZED_AUTOS</key>
				<string>YES_AGGRESSIVE</string>
				<key>GCC_WARN_UNUSED_FUNCTION</key>
				<string>YES</string>
				<key>GCC_WARN_UNUSED_VARIABLE</key>
				<string>YES</string>
				<key>IPHONEOS_DEPLOYMENT_TARGET</key>
				<string>7.1</string>
				<key>ONLY_ACTIVE_ARCH</key>
				<string>YES</string>
				<key>SDKROOT</key>
				<string>iphoneos</string>
				<key>TARGETED_DEVICE_FAMILY</key>
				<string>2</string>
			</dict>
			<key>isa</key>
			<string>XCBuildConfiguration</string>
			<key>name</key>
			<string>Debug</string>
		</dict>
		<key>2468EC28197F6173003876C0</key>
		<dict>
			<key>buildSettings</key>
			<dict>
				<key>ALWAYS_SEARCH_USER_PATHS</key>
				<string>NO</string>
				<key>CLANG_CXX_LANGUAGE_STANDARD</key>
				<string>gnu++0x</string>
				<key>CLANG_CXX_LIBRARY</key>
				<string>libc++</string>
				<key>CLANG_ENABLE_MODULES</key>
				<string>YES</string>
				<key>CLANG_ENABLE_OBJC_ARC</key>
				<string>YES</string>
				<key>CLANG_WARN_BOOL_CONVERSION</key>
				<string>YES</string>
				<key>CLANG_WARN_CONSTANT_CONVERSION</key>
				<string>YES</string>
				<key>CLANG_WARN_DIRECT_OBJC_ISA_USAGE</key>
				<string>YES_ERROR</string>
				<key>CLANG_WARN_EMPTY_BODY</key>
				<string>YES</string>
				<key>CLANG_WARN_ENUM_CONVERSION</key>
				<string>YES</string>
				<key>CLANG_WARN_INT_CONVERSION</key>
				<string>YES</string>
				<key>CLANG_WARN_OBJC_ROOT_CLASS</key>
				<string>YES_ERROR</string>
				<key>CLANG_WARN__DUPLICATE_METHOD_MATCH</key>
				<string>YES</string>
				<key>CODE_SIGN_IDENTITY[sdk=iphoneos*]</key>
				<string>iPhone Developer</string>
				<key>COPY_PHASE_STRIP</key>
				<string>YES</string>
				<key>ENABLE_NS_ASSERTIONS</key>
				<string>NO</string>
				<key>GCC_C_LANGUAGE_STANDARD</key>
				<string>gnu99</string>
				<key>GCC_WARN_64_TO_32_BIT_CONVERSION</key>
				<string>YES</string>
				<key>GCC_WARN_ABOUT_RETURN_TYPE</key>
				<string>YES_ERROR</string>
				<key>GCC_WARN_UNDECLARED_SELECTOR</key>
				<string>YES</string>
				<key>GCC_WARN_UNINITIALIZED_AUTOS</key>
				<string>YES_AGGRESSIVE</string>
				<key>GCC_WARN_UNUSED_FUNCTION</key>
				<string>YES</string>
				<key>GCC_WARN_UNUSED_VARIABLE</key>
				<string>YES</string>
				<key>IPHONEOS_DEPLOYMENT_TARGET</key>
				<string>7.1</string>
				<key>SDKROOT</key>
				<string>iphoneos</string>
				<key>TARGETED_DEVICE_FAMILY</key>
				<string>2</string>
				<key>VALIDATE_PRODUCT</key>
				<string>YES</string>
			</dict>
			<key>isa</key>
			<string>XCBuildConfiguration</string>
			<key>name</key>
			<string>Release</string>
		</dict>
		<key>2468EC29197F6173003876C0</key>
		<dict>
			<key>buildConfigurations</key>
			<array>
				<string>2468EC2A197F6173003876C0</string>
				<string>2468EC2B197F6173003876C0</string>
			</array>
			<key>defaultConfigurationIsVisible</key>
			<string>0</string>
			<key>defaultConfigurationName</key>
			<string>Release</string>
			<key>isa</key>
			<string>XCConfigurationList</string>
		</dict>
		<key>2468EC2A197F6173003876C0</key>
		<dict>
			<key>baseConfigurationReference</key>
			<string>08F29E4BFF5040F192DCF6AA</string>
			<key>buildSettings</key>
			<dict>
				<key>ASSETCATALOG_COMPILER_APPICON_NAME</key>
				<string>AppIcon</string>
				<key>ASSETCATALOG_COMPILER_LAUNCHIMAGE_NAME</key>
				<string>LaunchImage</string>
				<key>GCC_PRECOMPILE_PREFIX_HEADER</key>
				<string>YES</string>
				<key>GCC_PREFIX_HEADER</key>
				<string>BrainHD/BrainHD-Prefix.pch</string>
				<key>INFOPLIST_FILE</key>
				<string>BrainHD/BrainHD-Info.plist</string>
				<key>PRODUCT_NAME</key>
				<string>$(TARGET_NAME)</string>
				<key>WRAPPER_EXTENSION</key>
				<string>app</string>
			</dict>
			<key>isa</key>
			<string>XCBuildConfiguration</string>
			<key>name</key>
			<string>Debug</string>
		</dict>
		<key>2468EC2B197F6173003876C0</key>
		<dict>
			<key>baseConfigurationReference</key>
			<string>08F29E4BFF5040F192DCF6AA</string>
			<key>buildSettings</key>
			<dict>
				<key>ASSETCATALOG_COMPILER_APPICON_NAME</key>
				<string>AppIcon</string>
				<key>ASSETCATALOG_COMPILER_LAUNCHIMAGE_NAME</key>
				<string>LaunchImage</string>
				<key>GCC_PRECOMPILE_PREFIX_HEADER</key>
				<string>YES</string>
				<key>GCC_PREFIX_HEADER</key>
				<string>BrainHD/BrainHD-Prefix.pch</string>
				<key>INFOPLIST_FILE</key>
				<string>BrainHD/BrainHD-Info.plist</string>
				<key>PRODUCT_NAME</key>
				<string>$(TARGET_NAME)</string>
				<key>WRAPPER_EXTENSION</key>
				<string>app</string>
			</dict>
			<key>isa</key>
			<string>XCBuildConfiguration</string>
			<key>name</key>
			<string>Release</string>
		</dict>
		<key>2468EC2C197F6173003876C0</key>
		<dict>
			<key>buildConfigurations</key>
			<array>
				<string>2468EC2D197F6173003876C0</string>
				<string>2468EC2E197F6173003876C0</string>
			</array>
			<key>defaultConfigurationIsVisible</key>
			<string>0</string>
			<key>defaultConfigurationName</key>
			<string>Release</string>
			<key>isa</key>
			<string>XCConfigurationList</string>
		</dict>
		<key>2468EC2D197F6173003876C0</key>
		<dict>
			<key>buildSettings</key>
			<dict>
				<key>BUNDLE_LOADER</key>
				<string>$(BUILT_PRODUCTS_DIR)/BrainHD.app/BrainHD</string>
				<key>FRAMEWORK_SEARCH_PATHS</key>
				<array>
					<string>$(SDKROOT)/Developer/Library/Frameworks</string>
					<string>$(inherited)</string>
					<string>$(DEVELOPER_FRAMEWORKS_DIR)</string>
				</array>
				<key>GCC_PRECOMPILE_PREFIX_HEADER</key>
				<string>YES</string>
				<key>GCC_PREFIX_HEADER</key>
				<string>BrainHD/BrainHD-Prefix.pch</string>
				<key>GCC_PREPROCESSOR_DEFINITIONS</key>
				<array>
					<string>DEBUG=1</string>
					<string>$(inherited)</string>
				</array>
				<key>INFOPLIST_FILE</key>
				<string>BrainHDTests/BrainHDTests-Info.plist</string>
				<key>PRODUCT_NAME</key>
				<string>$(TARGET_NAME)</string>
				<key>TEST_HOST</key>
				<string>$(BUNDLE_LOADER)</string>
				<key>WRAPPER_EXTENSION</key>
				<string>xctest</string>
			</dict>
			<key>isa</key>
			<string>XCBuildConfiguration</string>
			<key>name</key>
			<string>Debug</string>
		</dict>
		<key>2468EC2E197F6173003876C0</key>
		<dict>
			<key>buildSettings</key>
			<dict>
				<key>BUNDLE_LOADER</key>
				<string>$(BUILT_PRODUCTS_DIR)/BrainHD.app/BrainHD</string>
				<key>FRAMEWORK_SEARCH_PATHS</key>
				<array>
					<string>$(SDKROOT)/Developer/Library/Frameworks</string>
					<string>$(inherited)</string>
					<string>$(DEVELOPER_FRAMEWORKS_DIR)</string>
				</array>
				<key>GCC_PRECOMPILE_PREFIX_HEADER</key>
				<string>YES</string>
				<key>GCC_PREFIX_HEADER</key>
				<string>BrainHD/BrainHD-Prefix.pch</string>
				<key>INFOPLIST_FILE</key>
				<string>BrainHDTests/BrainHDTests-Info.plist</string>
				<key>PRODUCT_NAME</key>
				<string>$(TARGET_NAME)</string>
				<key>TEST_HOST</key>
				<string>$(BUNDLE_LOADER)</string>
				<key>WRAPPER_EXTENSION</key>
				<string>xctest</string>
			</dict>
			<key>isa</key>
			<string>XCBuildConfiguration</string>
			<key>name</key>
			<string>Release</string>
		</dict>
		<key>2468EC65197F6FC5003876C0</key>
		<dict>
			<key>fileEncoding</key>
			<string>4</string>
			<key>isa</key>
			<string>PBXFileReference</string>
			<key>lastKnownFileType</key>
			<string>sourcecode.c.h</string>
			<key>path</key>
			<string>AbbreviationViewController.h</string>
			<key>sourceTree</key>
			<string>&lt;group&gt;</string>
		</dict>
		<key>2468EC66197F6FC5003876C0</key>
		<dict>
			<key>fileEncoding</key>
			<string>4</string>
			<key>isa</key>
			<string>PBXFileReference</string>
			<key>lastKnownFileType</key>
			<string>sourcecode.c.objc</string>
			<key>path</key>
			<string>AbbreviationViewController.m</string>
			<key>sourceTree</key>
			<string>&lt;group&gt;</string>
		</dict>
		<key>2468EC67197F6FC5003876C0</key>
		<dict>
			<key>fileEncoding</key>
			<string>4</string>
			<key>isa</key>
			<string>PBXFileReference</string>
			<key>lastKnownFileType</key>
			<string>sourcecode.c.h</string>
			<key>path</key>
			<string>AboutViewController.h</string>
			<key>sourceTree</key>
			<string>&lt;group&gt;</string>
		</dict>
		<key>2468EC68197F6FC5003876C0</key>
		<dict>
			<key>fileEncoding</key>
			<string>4</string>
			<key>isa</key>
			<string>PBXFileReference</string>
			<key>lastKnownFileType</key>
			<string>sourcecode.c.objc</string>
			<key>path</key>
			<string>AboutViewController.m</string>
			<key>sourceTree</key>
			<string>&lt;group&gt;</string>
		</dict>
		<key>2468EC69197F6FC5003876C0</key>
		<dict>
			<key>fileEncoding</key>
			<string>4</string>
			<key>isa</key>
			<string>PBXFileReference</string>
			<key>lastKnownFileType</key>
			<string>text.html</string>
			<key>path</key>
			<string>Abbreviation.html</string>
			<key>sourceTree</key>
			<string>&lt;group&gt;</string>
		</dict>
		<key>2468EC6A197F6FC5003876C0</key>
		<dict>
			<key>fileEncoding</key>
			<string>4</string>
			<key>isa</key>
			<string>PBXFileReference</string>
			<key>lastKnownFileType</key>
			<string>text.html</string>
			<key>path</key>
			<string>baloney.html</string>
			<key>sourceTree</key>
			<string>&lt;group&gt;</string>
		</dict>
		<key>2468EC6B197F6FC5003876C0</key>
		<dict>
			<key>fileEncoding</key>
			<string>4</string>
			<key>isa</key>
			<string>PBXFileReference</string>
			<key>lastKnownFileType</key>
			<string>text.html</string>
			<key>path</key>
			<string>imutation.html</string>
			<key>sourceTree</key>
			<string>&lt;group&gt;</string>
		</dict>
		<key>2468EC6C197F6FC5003876C0</key>
		<dict>
			<key>fileEncoding</key>
			<string>4</string>
			<key>isa</key>
			<string>PBXFileReference</string>
			<key>lastKnownFileType</key>
			<string>text.html</string>
			<key>path</key>
			<string>wolf.html</string>
			<key>sourceTree</key>
			<string>&lt;group&gt;</string>
		</dict>
		<key>2468EC6D197F6FC5003876C0</key>
		<dict>
			<key>fileEncoding</key>
			<string>4</string>
			<key>isa</key>
			<string>PBXFileReference</string>
			<key>lastKnownFileType</key>
			<string>text.html</string>
			<key>path</key>
			<string>zero.html</string>
			<key>sourceTree</key>
			<string>&lt;group&gt;</string>
		</dict>
		<key>2468EC6E197F6FC5003876C0</key>
		<dict>
			<key>fileEncoding</key>
			<string>4</string>
			<key>isa</key>
			<string>PBXFileReference</string>
			<key>lastKnownFileType</key>
			<string>sourcecode.c.h</string>
			<key>path</key>
			<string>HintViewController.h</string>
			<key>sourceTree</key>
			<string>&lt;group&gt;</string>
		</dict>
		<key>2468EC6F197F6FC5003876C0</key>
		<dict>
			<key>fileEncoding</key>
			<string>4</string>
			<key>isa</key>
			<string>PBXFileReference</string>
			<key>lastKnownFileType</key>
			<string>sourcecode.c.objc</string>
			<key>path</key>
			<string>HintViewController.m</string>
			<key>sourceTree</key>
			<string>&lt;group&gt;</string>
		</dict>
		<key>2468EC70197F6FC5003876C0</key>
		<dict>
			<key>fileEncoding</key>
			<string>4</string>
			<key>isa</key>
			<string>PBXFileReference</string>
			<key>lastKnownFileType</key>
			<string>sourcecode.c.h</string>
			<key>path</key>
			<string>WordMeaningController.h</string>
			<key>sourceTree</key>
			<string>&lt;group&gt;</string>
		</dict>
		<key>2468EC71197F6FC5003876C0</key>
		<dict>
			<key>fileEncoding</key>
			<string>4</string>
			<key>isa</key>
			<string>PBXFileReference</string>
			<key>lastKnownFileType</key>
			<string>sourcecode.c.objc</string>
			<key>path</key>
			<string>WordMeaningController.m</string>
			<key>sourceTree</key>
			<string>&lt;group&gt;</string>
		</dict>
		<key>2468EC72197F6FC5003876C0</key>
		<dict>
			<key>fileEncoding</key>
			<string>4</string>
			<key>isa</key>
			<string>PBXFileReference</string>
			<key>lastKnownFileType</key>
			<string>sourcecode.c.h</string>
			<key>path</key>
			<string>WordMeaningRootScrollView.h</string>
			<key>sourceTree</key>
			<string>&lt;group&gt;</string>
		</dict>
		<key>2468EC73197F6FC5003876C0</key>
		<dict>
			<key>fileEncoding</key>
			<string>4</string>
			<key>isa</key>
			<string>PBXFileReference</string>
			<key>lastKnownFileType</key>
			<string>sourcecode.c.objc</string>
			<key>path</key>
			<string>WordMeaningRootScrollView.m</string>
			<key>sourceTree</key>
			<string>&lt;group&gt;</string>
		</dict>
		<key>2468EC74197F6FC5003876C0</key>
		<dict>
			<key>fileEncoding</key>
			<string>4</string>
			<key>isa</key>
			<string>PBXFileReference</string>
			<key>lastKnownFileType</key>
			<string>sourcecode.c.h</string>
			<key>path</key>
			<string>WordMeaningView.h</string>
			<key>sourceTree</key>
			<string>&lt;group&gt;</string>
		</dict>
		<key>2468EC75197F6FC5003876C0</key>
		<dict>
			<key>fileEncoding</key>
			<string>4</string>
			<key>isa</key>
			<string>PBXFileReference</string>
			<key>lastKnownFileType</key>
			<string>sourcecode.c.objc</string>
			<key>path</key>
			<string>WordMeaningView.m</string>
			<key>sourceTree</key>
			<string>&lt;group&gt;</string>
		</dict>
		<key>2468EC76197F6FC5003876C0</key>
		<dict>
			<key>fileEncoding</key>
			<string>4</string>
			<key>isa</key>
			<string>PBXFileReference</string>
			<key>lastKnownFileType</key>
			<string>sourcecode.c.h</string>
			<key>path</key>
			<string>WordSearchController.h</string>
			<key>sourceTree</key>
			<string>&lt;group&gt;</string>
		</dict>
		<key>2468EC77197F6FC5003876C0</key>
		<dict>
			<key>fileEncoding</key>
			<string>4</string>
			<key>isa</key>
			<string>PBXFileReference</string>
			<key>lastKnownFileType</key>
			<string>sourcecode.c.objc</string>
			<key>path</key>
			<string>WordSearchController.m</string>
			<key>sourceTree</key>
			<string>&lt;group&gt;</string>
		</dict>
		<key>2468EC78197F6FC5003876C0</key>
		<dict>
			<key>fileEncoding</key>
			<string>4</string>
			<key>isa</key>
			<string>PBXFileReference</string>
			<key>lastKnownFileType</key>
			<string>sourcecode.c.h</string>
			<key>path</key>
			<string>NSAttributedString+Html2Attributed.h</string>
			<key>sourceTree</key>
			<string>&lt;group&gt;</string>
		</dict>
		<key>2468EC79197F6FC5003876C0</key>
		<dict>
			<key>fileEncoding</key>
			<string>4</string>
			<key>isa</key>
			<string>PBXFileReference</string>
			<key>lastKnownFileType</key>
			<string>sourcecode.c.objc</string>
			<key>path</key>
			<string>NSAttributedString+Html2Attributed.m</string>
			<key>sourceTree</key>
			<string>&lt;group&gt;</string>
		</dict>
		<key>2468EC7A197F6FC5003876C0</key>
		<dict>
			<key>fileEncoding</key>
			<string>4</string>
			<key>isa</key>
			<string>PBXFileReference</string>
			<key>lastKnownFileType</key>
			<string>sourcecode.c.h</string>
			<key>path</key>
			<string>NSString+sortString.h</string>
			<key>sourceTree</key>
			<string>&lt;group&gt;</string>
		</dict>
		<key>2468EC7B197F6FC5003876C0</key>
		<dict>
			<key>fileEncoding</key>
			<string>4</string>
			<key>isa</key>
			<string>PBXFileReference</string>
			<key>lastKnownFileType</key>
			<string>sourcecode.c.objc</string>
			<key>path</key>
			<string>NSString+sortString.m</string>
			<key>sourceTree</key>
			<string>&lt;group&gt;</string>
		</dict>
		<key>2468EC7C197F6FC5003876C0</key>
		<dict>
			<key>fileRef</key>
			<string>2468EC66197F6FC5003876C0</string>
			<key>isa</key>
			<string>PBXBuildFile</string>
		</dict>
		<key>2468EC7D197F6FC5003876C0</key>
		<dict>
			<key>fileRef</key>
			<string>2468EC68197F6FC5003876C0</string>
			<key>isa</key>
			<string>PBXBuildFile</string>
		</dict>
		<key>2468EC7E197F6FC5003876C0</key>
		<dict>
			<key>fileRef</key>
			<string>2468EC69197F6FC5003876C0</string>
			<key>isa</key>
			<string>PBXBuildFile</string>
		</dict>
		<key>2468EC7F197F6FC5003876C0</key>
		<dict>
			<key>fileRef</key>
			<string>2468EC6A197F6FC5003876C0</string>
			<key>isa</key>
			<string>PBXBuildFile</string>
		</dict>
		<key>2468EC80197F6FC5003876C0</key>
		<dict>
			<key>fileRef</key>
			<string>2468EC6B197F6FC5003876C0</string>
			<key>isa</key>
			<string>PBXBuildFile</string>
		</dict>
		<key>2468EC81197F6FC5003876C0</key>
		<dict>
			<key>fileRef</key>
			<string>2468EC6C197F6FC5003876C0</string>
			<key>isa</key>
			<string>PBXBuildFile</string>
		</dict>
		<key>2468EC82197F6FC5003876C0</key>
		<dict>
			<key>fileRef</key>
			<string>2468EC6D197F6FC5003876C0</string>
			<key>isa</key>
			<string>PBXBuildFile</string>
		</dict>
		<key>2468EC83197F6FC5003876C0</key>
		<dict>
			<key>fileRef</key>
			<string>2468EC6F197F6FC5003876C0</string>
			<key>isa</key>
			<string>PBXBuildFile</string>
		</dict>
		<key>2468EC84197F6FC5003876C0</key>
		<dict>
			<key>fileRef</key>
			<string>2468EC71197F6FC5003876C0</string>
			<key>isa</key>
			<string>PBXBuildFile</string>
		</dict>
		<key>2468EC85197F6FC5003876C0</key>
		<dict>
			<key>fileRef</key>
			<string>2468EC73197F6FC5003876C0</string>
			<key>isa</key>
			<string>PBXBuildFile</string>
		</dict>
		<key>2468EC86197F6FC5003876C0</key>
		<dict>
			<key>fileRef</key>
			<string>2468EC75197F6FC5003876C0</string>
			<key>isa</key>
			<string>PBXBuildFile</string>
		</dict>
		<key>2468EC87197F6FC5003876C0</key>
		<dict>
			<key>fileRef</key>
			<string>2468EC77197F6FC5003876C0</string>
			<key>isa</key>
			<string>PBXBuildFile</string>
		</dict>
		<key>2468EC88197F6FC5003876C0</key>
		<dict>
			<key>fileRef</key>
			<string>2468EC79197F6FC5003876C0</string>
			<key>isa</key>
			<string>PBXBuildFile</string>
		</dict>
		<key>2468EC89197F6FC5003876C0</key>
		<dict>
			<key>fileRef</key>
			<string>2468EC7B197F6FC5003876C0</string>
			<key>isa</key>
			<string>PBXBuildFile</string>
		</dict>
		<key>2468EC8A197F6FD0003876C0</key>
		<dict>
			<key>children</key>
			<array>
				<string>2468EC65197F6FC5003876C0</string>
				<string>2468EC66197F6FC5003876C0</string>
				<string>2468EC67197F6FC5003876C0</string>
				<string>2468EC68197F6FC5003876C0</string>
				<string>2468EC69197F6FC5003876C0</string>
				<string>2468EC6A197F6FC5003876C0</string>
				<string>2468EC6B197F6FC5003876C0</string>
				<string>2468EC6C197F6FC5003876C0</string>
				<string>2468EC6D197F6FC5003876C0</string>
			</array>
			<key>isa</key>
			<string>PBXGroup</string>
			<key>name</key>
			<string>About</string>
			<key>sourceTree</key>
			<string>&lt;group&gt;</string>
		</dict>
		<key>2468EC8B197F6FE4003876C0</key>
		<dict>
			<key>children</key>
			<array>
				<string>2468EC6E197F6FC5003876C0</string>
				<string>2468EC6F197F6FC5003876C0</string>
				<string>2468EC70197F6FC5003876C0</string>
				<string>2468EC71197F6FC5003876C0</string>
				<string>2468EC72197F6FC5003876C0</string>
				<string>2468EC73197F6FC5003876C0</string>
				<string>2468EC74197F6FC5003876C0</string>
				<string>2468EC75197F6FC5003876C0</string>
			</array>
			<key>isa</key>
			<string>PBXGroup</string>
			<key>name</key>
			<string>WordMeaning</string>
			<key>sourceTree</key>
			<string>&lt;group&gt;</string>
		</dict>
		<key>2468EC8C197F7005003876C0</key>
		<dict>
			<key>children</key>
			<array>
				<string>2468EC76197F6FC5003876C0</string>
				<string>2468EC77197F6FC5003876C0</string>
			</array>
			<key>isa</key>
			<string>PBXGroup</string>
			<key>name</key>
			<string>WordSearch</string>
			<key>sourceTree</key>
			<string>&lt;group&gt;</string>
		</dict>
		<key>2468EC8D197F7014003876C0</key>
		<dict>
			<key>children</key>
			<array>
				<string>2468EC78197F6FC5003876C0</string>
				<string>2468EC79197F6FC5003876C0</string>
				<string>2468EC7A197F6FC5003876C0</string>
				<string>2468EC7B197F6FC5003876C0</string>
			</array>
			<key>isa</key>
			<string>PBXGroup</string>
			<key>name</key>
			<string>Category</string>
			<key>sourceTree</key>
			<string>&lt;group&gt;</string>
		</dict>
		<key>2468EC8E197F702F003876C0</key>
		<dict>
			<key>children</key>
			<array>
				<string>2468EC99197F7051003876C0</string>
				<string>2468EC9A197F7051003876C0</string>
				<string>2468EC9B197F7051003876C0</string>
				<string>2468EC9C197F7051003876C0</string>
				<string>2468EC9D197F7051003876C0</string>
				<string>2468EC9E197F7051003876C0</string>
				<string>2468EC9F197F7051003876C0</string>
				<string>2468ECA0197F7051003876C0</string>
				<string>2468ECA1197F7051003876C0</string>
				<string>2468ECA2197F7051003876C0</string>
				<string>2468ECA3197F7051003876C0</string>
				<string>2468ECA4197F7051003876C0</string>
				<string>2468ECA5197F7051003876C0</string>
				<string>2468ECA6197F7051003876C0</string>
				<string>2468ECA7197F7051003876C0</string>
				<string>2468ECA8197F7051003876C0</string>
				<string>2468ECA9197F7051003876C0</string>
				<string>2468ECAA197F7051003876C0</string>
				<string>2468ECAB197F7051003876C0</string>
				<string>2468ECAC197F7051003876C0</string>
				<string>2468ECAD197F7051003876C0</string>
				<string>2468ECAE197F7051003876C0</string>
				<string>2468ECAF197F7051003876C0</string>
				<string>2468ECB0197F7051003876C0</string>
				<string>2468ECB1197F7051003876C0</string>
				<string>2468ECB2197F7051003876C0</string>
				<string>2468ECB3197F7051003876C0</string>
				<string>2468EC8F197F703C003876C0</string>
				<string>2468EC90197F703C003876C0</string>
				<string>2468EC91197F703C003876C0</string>
				<string>2468EC92197F703C003876C0</string>
				<string>2468EC93197F703C003876C0</string>
				<string>2468EC94197F703C003876C0</string>
			</array>
			<key>isa</key>
			<string>PBXGroup</string>
			<key>name</key>
			<string>Database</string>
			<key>sourceTree</key>
			<string>&lt;group&gt;</string>
		</dict>
		<key>2468EC8F197F703C003876C0</key>
		<dict>
			<key>isa</key>
			<string>PBXFileReference</string>
			<key>lastKnownFileType</key>
			<string>wrapper.xcdatamodel</string>
			<key>path</key>
			<string>Word.xcdatamodel</string>
			<key>sourceTree</key>
			<string>&lt;group&gt;</string>
		</dict>
		<key>2468EC90197F703C003876C0</key>
		<dict>
			<key>fileEncoding</key>
			<string>4</string>
			<key>isa</key>
			<string>PBXFileReference</string>
			<key>lastKnownFileType</key>
			<string>sourcecode.c.h</string>
			<key>path</key>
			<string>WordManager.h</string>
			<key>sourceTree</key>
			<string>&lt;group&gt;</string>
		</dict>
		<key>2468EC91197F703C003876C0</key>
		<dict>
			<key>fileEncoding</key>
			<string>4</string>
			<key>isa</key>
			<string>PBXFileReference</string>
			<key>lastKnownFileType</key>
			<string>sourcecode.c.objc</string>
			<key>path</key>
			<string>WordManager.m</string>
			<key>sourceTree</key>
			<string>&lt;group&gt;</string>
		</dict>
		<key>2468EC92197F703C003876C0</key>
		<dict>
			<key>fileEncoding</key>
			<string>4</string>
			<key>isa</key>
			<string>PBXFileReference</string>
			<key>lastKnownFileType</key>
			<string>sourcecode.c.h</string>
			<key>path</key>
			<string>Word.h</string>
			<key>sourceTree</key>
			<string>&lt;group&gt;</string>
		</dict>
		<key>2468EC93197F703C003876C0</key>
		<dict>
			<key>fileEncoding</key>
			<string>4</string>
			<key>isa</key>
			<string>PBXFileReference</string>
			<key>lastKnownFileType</key>
			<string>sourcecode.c.objc</string>
			<key>path</key>
			<string>Word.m</string>
			<key>sourceTree</key>
			<string>&lt;group&gt;</string>
		</dict>
		<key>2468EC94197F703C003876C0</key>
		<dict>
			<key>fileEncoding</key>
			<string>4</string>
			<key>isa</key>
			<string>PBXFileReference</string>
			<key>lastKnownFileType</key>
			<string>text.plist.xml</string>
			<key>path</key>
			<string>Hint.plist</string>
			<key>sourceTree</key>
			<string>&lt;group&gt;</string>
		</dict>
		<key>2468EC95197F703C003876C0</key>
		<dict>
			<key>fileRef</key>
			<string>2468EC8F197F703C003876C0</string>
			<key>isa</key>
			<string>PBXBuildFile</string>
		</dict>
		<key>2468EC96197F703C003876C0</key>
		<dict>
			<key>fileRef</key>
			<string>2468EC91197F703C003876C0</string>
			<key>isa</key>
			<string>PBXBuildFile</string>
		</dict>
		<key>2468EC97197F703C003876C0</key>
		<dict>
			<key>fileRef</key>
			<string>2468EC93197F703C003876C0</string>
			<key>isa</key>
			<string>PBXBuildFile</string>
		</dict>
		<key>2468EC98197F703C003876C0</key>
		<dict>
			<key>fileRef</key>
			<string>2468EC94197F703C003876C0</string>
			<key>isa</key>
			<string>PBXBuildFile</string>
		</dict>
		<key>2468EC99197F7051003876C0</key>
		<dict>
			<key>isa</key>
			<string>PBXFileReference</string>
			<key>lastKnownFileType</key>
			<string>file</string>
			<key>path</key>
			<string>BrainA.sqlite</string>
			<key>sourceTree</key>
			<string>&lt;group&gt;</string>
		</dict>
		<key>2468EC9A197F7051003876C0</key>
		<dict>
			<key>isa</key>
			<string>PBXFileReference</string>
			<key>lastKnownFileType</key>
			<string>file</string>
			<key>path</key>
			<string>BrainB.sqlite</string>
			<key>sourceTree</key>
			<string>&lt;group&gt;</string>
		</dict>
		<key>2468EC9B197F7051003876C0</key>
		<dict>
			<key>isa</key>
			<string>PBXFileReference</string>
			<key>lastKnownFileType</key>
			<string>file</string>
			<key>path</key>
			<string>BrainC.sqlite</string>
			<key>sourceTree</key>
			<string>&lt;group&gt;</string>
		</dict>
		<key>2468EC9C197F7051003876C0</key>
		<dict>
			<key>isa</key>
			<string>PBXFileReference</string>
			<key>lastKnownFileType</key>
			<string>file</string>
			<key>path</key>
			<string>BrainD.sqlite</string>
			<key>sourceTree</key>
			<string>&lt;group&gt;</string>
		</dict>
		<key>2468EC9D197F7051003876C0</key>
		<dict>
			<key>isa</key>
			<string>PBXFileReference</string>
			<key>lastKnownFileType</key>
			<string>file</string>
			<key>path</key>
			<string>BrainE.sqlite</string>
			<key>sourceTree</key>
			<string>&lt;group&gt;</string>
		</dict>
		<key>2468EC9E197F7051003876C0</key>
		<dict>
			<key>isa</key>
			<string>PBXFileReference</string>
			<key>lastKnownFileType</key>
			<string>file</string>
			<key>path</key>
			<string>BrainF.sqlite</string>
			<key>sourceTree</key>
			<string>&lt;group&gt;</string>
		</dict>
		<key>2468EC9F197F7051003876C0</key>
		<dict>
			<key>isa</key>
			<string>PBXFileReference</string>
			<key>lastKnownFileType</key>
			<string>file</string>
			<key>path</key>
			<string>BrainG.sqlite</string>
			<key>sourceTree</key>
			<string>&lt;group&gt;</string>
		</dict>
		<key>2468ECA0197F7051003876C0</key>
		<dict>
			<key>isa</key>
			<string>PBXFileReference</string>
			<key>lastKnownFileType</key>
			<string>file</string>
			<key>path</key>
			<string>BrainH.sqlite</string>
			<key>sourceTree</key>
			<string>&lt;group&gt;</string>
		</dict>
		<key>2468ECA1197F7051003876C0</key>
		<dict>
			<key>isa</key>
			<string>PBXFileReference</string>
			<key>lastKnownFileType</key>
			<string>file</string>
			<key>path</key>
			<string>BrainI.sqlite</string>
			<key>sourceTree</key>
			<string>&lt;group&gt;</string>
		</dict>
		<key>2468ECA2197F7051003876C0</key>
		<dict>
			<key>isa</key>
			<string>PBXFileReference</string>
			<key>lastKnownFileType</key>
			<string>file</string>
			<key>path</key>
			<string>BrainJ.sqlite</string>
			<key>sourceTree</key>
			<string>&lt;group&gt;</string>
		</dict>
		<key>2468ECA3197F7051003876C0</key>
		<dict>
			<key>isa</key>
			<string>PBXFileReference</string>
			<key>lastKnownFileType</key>
			<string>file</string>
			<key>path</key>
			<string>BrainK.sqlite</string>
			<key>sourceTree</key>
			<string>&lt;group&gt;</string>
		</dict>
		<key>2468ECA4197F7051003876C0</key>
		<dict>
			<key>isa</key>
			<string>PBXFileReference</string>
			<key>lastKnownFileType</key>
			<string>file</string>
			<key>path</key>
			<string>BrainL.sqlite</string>
			<key>sourceTree</key>
			<string>&lt;group&gt;</string>
		</dict>
		<key>2468ECA5197F7051003876C0</key>
		<dict>
			<key>isa</key>
			<string>PBXFileReference</string>
			<key>lastKnownFileType</key>
			<string>file</string>
			<key>path</key>
			<string>BrainM.sqlite</string>
			<key>sourceTree</key>
			<string>&lt;group&gt;</string>
		</dict>
		<key>2468ECA6197F7051003876C0</key>
		<dict>
			<key>isa</key>
			<string>PBXFileReference</string>
			<key>lastKnownFileType</key>
			<string>file</string>
			<key>path</key>
			<string>BrainN.sqlite</string>
			<key>sourceTree</key>
			<string>&lt;group&gt;</string>
		</dict>
		<key>2468ECA7197F7051003876C0</key>
		<dict>
			<key>isa</key>
			<string>PBXFileReference</string>
			<key>lastKnownFileType</key>
			<string>file</string>
			<key>path</key>
			<string>BrainO.sqlite</string>
			<key>sourceTree</key>
			<string>&lt;group&gt;</string>
		</dict>
		<key>2468ECA8197F7051003876C0</key>
		<dict>
			<key>isa</key>
			<string>PBXFileReference</string>
			<key>lastKnownFileType</key>
			<string>file</string>
			<key>path</key>
			<string>BrainP.sqlite</string>
			<key>sourceTree</key>
			<string>&lt;group&gt;</string>
		</dict>
		<key>2468ECA9197F7051003876C0</key>
		<dict>
			<key>isa</key>
			<string>PBXFileReference</string>
			<key>lastKnownFileType</key>
			<string>file</string>
			<key>path</key>
			<string>BrainPrefix.sqlite</string>
			<key>sourceTree</key>
			<string>&lt;group&gt;</string>
		</dict>
		<key>2468ECAA197F7051003876C0</key>
		<dict>
			<key>isa</key>
			<string>PBXFileReference</string>
			<key>lastKnownFileType</key>
			<string>file</string>
			<key>path</key>
			<string>BrainQ.sqlite</string>
			<key>sourceTree</key>
			<string>&lt;group&gt;</string>
		</dict>
		<key>2468ECAB197F7051003876C0</key>
		<dict>
			<key>isa</key>
			<string>PBXFileReference</string>
			<key>lastKnownFileType</key>
			<string>file</string>
			<key>path</key>
			<string>BrainR.sqlite</string>
			<key>sourceTree</key>
			<string>&lt;group&gt;</string>
		</dict>
		<key>2468ECAC197F7051003876C0</key>
		<dict>
			<key>isa</key>
			<string>PBXFileReference</string>
			<key>lastKnownFileType</key>
			<string>file</string>
			<key>path</key>
			<string>BrainS.sqlite</string>
			<key>sourceTree</key>
			<string>&lt;group&gt;</string>
		</dict>
		<key>2468ECAD197F7051003876C0</key>
		<dict>
			<key>isa</key>
			<string>PBXFileReference</string>
			<key>lastKnownFileType</key>
			<string>file</string>
			<key>path</key>
			<string>BrainT.sqlite</string>
			<key>sourceTree</key>
			<string>&lt;group&gt;</string>
		</dict>
		<key>2468ECAE197F7051003876C0</key>
		<dict>
			<key>isa</key>
			<string>PBXFileReference</string>
			<key>lastKnownFileType</key>
			<string>file</string>
			<key>path</key>
			<string>BrainU.sqlite</string>
			<key>sourceTree</key>
			<string>&lt;group&gt;</string>
		</dict>
		<key>2468ECAF197F7051003876C0</key>
		<dict>
			<key>isa</key>
			<string>PBXFileReference</string>
			<key>lastKnownFileType</key>
			<string>file</string>
			<key>path</key>
			<string>BrainV.sqlite</string>
			<key>sourceTree</key>
			<string>&lt;group&gt;</string>
		</dict>
		<key>2468ECB0197F7051003876C0</key>
		<dict>
			<key>isa</key>
			<string>PBXFileReference</string>
			<key>lastKnownFileType</key>
			<string>file</string>
			<key>path</key>
			<string>BrainW.sqlite</string>
			<key>sourceTree</key>
			<string>&lt;group&gt;</string>
		</dict>
		<key>2468ECB1197F7051003876C0</key>
		<dict>
			<key>isa</key>
			<string>PBXFileReference</string>
			<key>lastKnownFileType</key>
			<string>file</string>
			<key>path</key>
			<string>BrainX.sqlite</string>
			<key>sourceTree</key>
			<string>&lt;group&gt;</string>
		</dict>
		<key>2468ECB2197F7051003876C0</key>
		<dict>
			<key>isa</key>
			<string>PBXFileReference</string>
			<key>lastKnownFileType</key>
			<string>file</string>
			<key>path</key>
			<string>BrainY.sqlite</string>
			<key>sourceTree</key>
			<string>&lt;group&gt;</string>
		</dict>
		<key>2468ECB3197F7051003876C0</key>
		<dict>
			<key>isa</key>
			<string>PBXFileReference</string>
			<key>lastKnownFileType</key>
			<string>file</string>
			<key>path</key>
			<string>BrainZ.sqlite</string>
			<key>sourceTree</key>
			<string>&lt;group&gt;</string>
		</dict>
		<key>2468ECB4197F7051003876C0</key>
		<dict>
			<key>fileRef</key>
			<string>2468EC99197F7051003876C0</string>
			<key>isa</key>
			<string>PBXBuildFile</string>
		</dict>
		<key>2468ECB5197F7051003876C0</key>
		<dict>
			<key>fileRef</key>
			<string>2468EC9A197F7051003876C0</string>
			<key>isa</key>
			<string>PBXBuildFile</string>
		</dict>
		<key>2468ECB6197F7051003876C0</key>
		<dict>
			<key>fileRef</key>
			<string>2468EC9B197F7051003876C0</string>
			<key>isa</key>
			<string>PBXBuildFile</string>
		</dict>
		<key>2468ECB7197F7051003876C0</key>
		<dict>
			<key>fileRef</key>
			<string>2468EC9C197F7051003876C0</string>
			<key>isa</key>
			<string>PBXBuildFile</string>
		</dict>
		<key>2468ECB8197F7051003876C0</key>
		<dict>
			<key>fileRef</key>
			<string>2468EC9D197F7051003876C0</string>
			<key>isa</key>
			<string>PBXBuildFile</string>
		</dict>
		<key>2468ECB9197F7051003876C0</key>
		<dict>
			<key>fileRef</key>
			<string>2468EC9E197F7051003876C0</string>
			<key>isa</key>
			<string>PBXBuildFile</string>
		</dict>
		<key>2468ECBA197F7051003876C0</key>
		<dict>
			<key>fileRef</key>
			<string>2468EC9F197F7051003876C0</string>
			<key>isa</key>
			<string>PBXBuildFile</string>
		</dict>
		<key>2468ECBB197F7051003876C0</key>
		<dict>
			<key>fileRef</key>
			<string>2468ECA0197F7051003876C0</string>
			<key>isa</key>
			<string>PBXBuildFile</string>
		</dict>
		<key>2468ECBC197F7051003876C0</key>
		<dict>
			<key>fileRef</key>
			<string>2468ECA1197F7051003876C0</string>
			<key>isa</key>
			<string>PBXBuildFile</string>
		</dict>
		<key>2468ECBD197F7051003876C0</key>
		<dict>
			<key>fileRef</key>
			<string>2468ECA2197F7051003876C0</string>
			<key>isa</key>
			<string>PBXBuildFile</string>
		</dict>
		<key>2468ECBE197F7051003876C0</key>
		<dict>
			<key>fileRef</key>
			<string>2468ECA3197F7051003876C0</string>
			<key>isa</key>
			<string>PBXBuildFile</string>
		</dict>
		<key>2468ECBF197F7051003876C0</key>
		<dict>
			<key>fileRef</key>
			<string>2468ECA4197F7051003876C0</string>
			<key>isa</key>
			<string>PBXBuildFile</string>
		</dict>
		<key>2468ECC0197F7051003876C0</key>
		<dict>
			<key>fileRef</key>
			<string>2468ECA5197F7051003876C0</string>
			<key>isa</key>
			<string>PBXBuildFile</string>
		</dict>
		<key>2468ECC1197F7051003876C0</key>
		<dict>
			<key>fileRef</key>
			<string>2468ECA6197F7051003876C0</string>
			<key>isa</key>
			<string>PBXBuildFile</string>
		</dict>
		<key>2468ECC2197F7051003876C0</key>
		<dict>
			<key>fileRef</key>
			<string>2468ECA7197F7051003876C0</string>
			<key>isa</key>
			<string>PBXBuildFile</string>
		</dict>
		<key>2468ECC3197F7051003876C0</key>
		<dict>
			<key>fileRef</key>
			<string>2468ECA8197F7051003876C0</string>
			<key>isa</key>
			<string>PBXBuildFile</string>
		</dict>
		<key>2468ECC4197F7051003876C0</key>
		<dict>
			<key>fileRef</key>
			<string>2468ECA9197F7051003876C0</string>
			<key>isa</key>
			<string>PBXBuildFile</string>
		</dict>
		<key>2468ECC5197F7051003876C0</key>
		<dict>
			<key>fileRef</key>
			<string>2468ECAA197F7051003876C0</string>
			<key>isa</key>
			<string>PBXBuildFile</string>
		</dict>
		<key>2468ECC6197F7051003876C0</key>
		<dict>
			<key>fileRef</key>
			<string>2468ECAB197F7051003876C0</string>
			<key>isa</key>
			<string>PBXBuildFile</string>
		</dict>
		<key>2468ECC7197F7051003876C0</key>
		<dict>
			<key>fileRef</key>
			<string>2468ECAC197F7051003876C0</string>
			<key>isa</key>
			<string>PBXBuildFile</string>
		</dict>
		<key>2468ECC8197F7051003876C0</key>
		<dict>
			<key>fileRef</key>
			<string>2468ECAD197F7051003876C0</string>
			<key>isa</key>
			<string>PBXBuildFile</string>
		</dict>
		<key>2468ECC9197F7051003876C0</key>
		<dict>
			<key>fileRef</key>
			<string>2468ECAE197F7051003876C0</string>
			<key>isa</key>
			<string>PBXBuildFile</string>
		</dict>
		<key>2468ECCA197F7051003876C0</key>
		<dict>
			<key>fileRef</key>
			<string>2468ECAF197F7051003876C0</string>
			<key>isa</key>
			<string>PBXBuildFile</string>
		</dict>
		<key>2468ECCB197F7051003876C0</key>
		<dict>
			<key>fileRef</key>
			<string>2468ECB0197F7051003876C0</string>
			<key>isa</key>
			<string>PBXBuildFile</string>
		</dict>
		<key>2468ECCC197F7051003876C0</key>
		<dict>
			<key>fileRef</key>
			<string>2468ECB1197F7051003876C0</string>
			<key>isa</key>
			<string>PBXBuildFile</string>
		</dict>
		<key>2468ECCD197F7051003876C0</key>
		<dict>
			<key>fileRef</key>
			<string>2468ECB2197F7051003876C0</string>
			<key>isa</key>
			<string>PBXBuildFile</string>
		</dict>
		<key>2468ECCE197F7051003876C0</key>
		<dict>
			<key>fileRef</key>
			<string>2468ECB3197F7051003876C0</string>
			<key>isa</key>
			<string>PBXBuildFile</string>
		</dict>
		<key>2468ECCF197F713B003876C0</key>
		<dict>
			<key>fileEncoding</key>
			<string>4</string>
			<key>isa</key>
			<string>PBXFileReference</string>
			<key>lastKnownFileType</key>
			<string>sourcecode.c.h</string>
			<key>path</key>
			<string>MainViewController.h</string>
			<key>sourceTree</key>
			<string>&lt;group&gt;</string>
		</dict>
		<key>2468ECD0197F713B003876C0</key>
		<dict>
			<key>fileEncoding</key>
			<string>4</string>
			<key>isa</key>
			<string>PBXFileReference</string>
			<key>lastKnownFileType</key>
			<string>sourcecode.c.objc</string>
			<key>path</key>
			<string>MainViewController.m</string>
			<key>sourceTree</key>
			<string>&lt;group&gt;</string>
		</dict>
		<key>2468ECD1197F713B003876C0</key>
		<dict>
			<key>fileRef</key>
			<string>2468ECD0197F713B003876C0</string>
			<key>isa</key>
			<string>PBXBuildFile</string>
		</dict>
		<key>2AF1AE3383674DF2889BC858</key>
		<dict>
			<key>buildActionMask</key>
			<string>2147483647</string>
			<key>files</key>
			<array/>
			<key>inputPaths</key>
			<array/>
			<key>isa</key>
			<string>PBXShellScriptBuildPhase</string>
			<key>name</key>
			<string>Copy Pods Resources</string>
			<key>outputPaths</key>
			<array/>
			<key>runOnlyForDeploymentPostprocessing</key>
			<string>0</string>
			<key>shellPath</key>
			<string>/bin/sh</string>
			<key>shellScript</key>
			<string>"${SRCROOT}/Pods/Pods-resources.sh"
</string>
			<key>showEnvVarsInLog</key>
			<string>0</string>
		</dict>
		<key>52261714BD8F49DAAF78F334</key>
		<dict>
			<key>explicitFileType</key>
			<string>archive.ar</string>
			<key>includeInIndex</key>
			<string>0</string>
			<key>isa</key>
			<string>PBXFileReference</string>
			<key>path</key>
			<string>libPods.a</string>
			<key>sourceTree</key>
			<string>BUILT_PRODUCTS_DIR</string>
		</dict>
		<key>6DEBAE0F5EFF44358E98168E</key>
		<dict>
			<key>fileRef</key>
			<string>52261714BD8F49DAAF78F334</string>
			<key>isa</key>
			<string>PBXBuildFile</string>
		</dict>
		<key>EA49F047C6E649C4A281779B</key>
		<dict>
			<key>buildActionMask</key>
			<string>2147483647</string>
			<key>files</key>
			<array/>
			<key>inputPaths</key>
			<array/>
			<key>isa</key>
			<string>PBXShellScriptBuildPhase</string>
			<key>name</key>
			<string>Check Pods Manifest.lock</string>
			<key>outputPaths</key>
			<array/>
			<key>runOnlyForDeploymentPostprocessing</key>
			<string>0</string>
			<key>shellPath</key>
			<string>/bin/sh</string>
			<key>shellScript</key>
			<string>diff "${PODS_ROOT}/../Podfile.lock" "${PODS_ROOT}/Manifest.lock" &gt; /dev/null
if [[ $? != 0 ]] ; then
    cat &lt;&lt; EOM
error: The sandbox is not in sync with the Podfile.lock. Run 'pod install' or update your CocoaPods installation.
EOM
    exit 1
fi
</string>
			<key>showEnvVarsInLog</key>
			<string>0</string>
		</dict>
	</dict>
	<key>rootObject</key>
	<string>2468EBEF197F6173003876C0</string>
</dict>
</plist>
